
Microsoft Visual Studio Solution File, Format Version 12.00
# Visual Studio 15
VisualStudioVersion = 15.0.27130.2036
MinimumVisualStudioVersion = 10.0.40219.1
Project("{FAE04EC0-301F-11D3-BF4B-00C04F79EFBC}") = "MegaDesk_Shannon_Summer1", "MegaDesk_Shannon_Summer1\MegaDesk_Shannon_Summer1.csproj", "{A289D3A8-F6C7-4014-B7B5-86802DF51581}"
EndProject
Global
	GlobalSection(SolutionConfigurationPlatforms) = preSolution
		Debug|Any CPU = Debug|Any CPU
		Release|Any CPU = Release|Any CPU
	EndGlobalSection
	GlobalSection(ProjectConfigurationPlatforms) = postSolution
		{A289D3A8-F6C7-4014-B7B5-86802DF51581}.Debug|Any CPU.ActiveCfg = Debug|Any CPU
		{A289D3A8-F6C7-4014-B7B5-86802DF51581}.Debug|Any CPU.Build.0 = Debug|Any CPU
		{A289D3A8-F6C7-4014-B7B5-86802DF51581}.Release|Any CPU.ActiveCfg = Release|Any CPU
		{A289D3A8-F6C7-4014-B7B5-86802DF51581}.Release|Any CPU.Build.0 = Release|Any CPU
	EndGlobalSection
	GlobalSection(SolutionProperties) = preSolution
		HideSolutionNode = FALSE
	EndGlobalSection
	GlobalSection(ExtensibilityGlobals) = postSolution
		SolutionGuid = {3113C48C-739F-4953-AA2F-762BC9924E07}
	EndGlobalSection
EndGlobal
